PODS:
  - Alamofire (4.4.0)
  - SwiftyJSON (3.1.4)
  - youtube-ios-player-helper (0.1.6)

DEPENDENCIES:
  - Alamofire (~> 4.4)
  - SwiftyJSON
  - youtube-ios-player-helper (~> 0.1.4)

SPEC CHECKSUMS:
  Alamofire: dc44b1600b800eb63da6a19039a0083d62a6a62d
  SwiftyJSON: c2842d878f95482ffceec5709abc3d05680c0220
  youtube-ios-player-helper: 21ab92db027c7ff86cb17a3843a3f6eafc8158d2

PODFILE CHECKSUM: 66219836707fb55dccfb6fa5ed2066c7bacb9033

COCOAPODS: 1.2.0
