// !$*UTF8*$!
{
	archiveVersion = 1;
	classes = {
	};
	objectVersion = 46;
	objects = {

/* Begin PBXBuildFile section */
		402D887F1EAA589600B7B23E /* EmailSignIn.swift in Sources */ = {isa = PBXBuildFile; fileRef = 402D887E1EAA589600B7B23E /* EmailSignIn.swift */; };
		402E6CD11EA7CDD700FD688C /* ResetPassword.swift in Sources */ = {isa = PBXBuildFile; fileRef = 402E6CD01EA7CDD700FD688C /* ResetPassword.swift */; };
		4056D7D41E96E26800AF6727 /* Product.swift in Sources */ = {isa = PBXBuildFile; fileRef = 4056D7D31E96E26800AF6727 /* Product.swift */; };
		4056D7D61E96E2BA00AF6727 /* GoogleService-Info.plist in Resources */ = {isa = PBXBuildFile; fileRef = 4056D7D51E96E2BA00AF6727 /* GoogleService-Info.plist */; };
		40771F811E9D292F00872379 /* ProductTableViewCell.swift in Sources */ = {isa = PBXBuildFile; fileRef = 40771F801E9D292F00872379 /* ProductTableViewCell.swift */; };
		40771F831E9D5DF700872379 /* ProductAPIClient.swift in Sources */ = {isa = PBXBuildFile; fileRef = 40771F821E9D5DF700872379 /* ProductAPIClient.swift */; };
		40B7F6C21E9BE6EA00B3D447 /* SearchTableViewController.swift in Sources */ = {isa = PBXBuildFile; fileRef = 40B7F6C11E9BE6EA00B3D447 /* SearchTableViewController.swift */; };
		B503D05A1EA01F05004D73E8 /* YouTubeVideoController.swift in Sources */ = {isa = PBXBuildFile; fileRef = B503D0591EA01F05004D73E8 /* YouTubeVideoController.swift */; };
		B503D05C1EA03275004D73E8 /* CircularButton.swift in Sources */ = {isa = PBXBuildFile; fileRef = B503D05B1EA03275004D73E8 /* CircularButton.swift */; };
		B50850051EA1C42600A9A07B /* KeyBoardExtension.swift in Sources */ = {isa = PBXBuildFile; fileRef = B50850041EA1C42600A9A07B /* KeyBoardExtension.swift */; };
		B508FB271E9BCC640049B424 /* FirebaseManager.swift in Sources */ = {isa = PBXBuildFile; fileRef = B508FB261E9BCC640049B424 /* FirebaseManager.swift */; };
		B508FB291E9D71A20049B424 /* UserStore.swift in Sources */ = {isa = PBXBuildFile; fileRef = B508FB281E9D71A20049B424 /* UserStore.swift */; };
		B50E4C111E940F660004D8F7 /* ProductViewController.swift in Sources */ = {isa = PBXBuildFile; fileRef = B50E4C101E940F660004D8F7 /* ProductViewController.swift */; };
		B50E4C131E940F790004D8F7 /* SearchViewController.swift in Sources */ = {isa = PBXBuildFile; fileRef = B50E4C121E940F790004D8F7 /* SearchViewController.swift */; };
		B50E4C161E9410660004D8F7 /* Colors.swift in Sources */ = {isa = PBXBuildFile; fileRef = B50E4C151E9410660004D8F7 /* Colors.swift */; };
		B50E4C181E9411EF0004D8F7 /* Fonts.swift in Sources */ = {isa = PBXBuildFile; fileRef = B50E4C171E9411EF0004D8F7 /* Fonts.swift */; };
		B50E4C401E94270C0004D8F7 /* SignInButton.swift in Sources */ = {isa = PBXBuildFile; fileRef = B50E4C3F1E94270C0004D8F7 /* SignInButton.swift */; };
		B50E4C441E942DC20004D8F7 /* EmailSignUp.swift in Sources */ = {isa = PBXBuildFile; fileRef = B50E4C431E942DC20004D8F7 /* EmailSignUp.swift */; };
		B53E9BBC1E953AF00017E3E9 /* HomeViewController.swift in Sources */ = {isa = PBXBuildFile; fileRef = B53E9BBB1E953AF00017E3E9 /* HomeViewController.swift */; };
		B53E9BBE1E9546F80017E3E9 /* NavBar.swift in Sources */ = {isa = PBXBuildFile; fileRef = B53E9BBD1E9546F80017E3E9 /* NavBar.swift */; };
		B54F1C301E96A53F00360CB3 /* HorizontalRule.swift in Sources */ = {isa = PBXBuildFile; fileRef = B54F1C2F1E96A53F00360CB3 /* HorizontalRule.swift */; };
		B5D3A5451E9585E800D808B7 /* PlayfairDisplay-Black.ttf in Resources */ = {isa = PBXBuildFile; fileRef = B5D3A53F1E9585E800D808B7 /* PlayfairDisplay-Black.ttf */; };
		B5D3A5461E9585E800D808B7 /* PlayfairDisplay-BlackItalic.ttf in Resources */ = {isa = PBXBuildFile; fileRef = B5D3A5401E9585E800D808B7 /* PlayfairDisplay-BlackItalic.ttf */; };
		B5D3A5471E9585E800D808B7 /* PlayfairDisplay-Bold.ttf in Resources */ = {isa = PBXBuildFile; fileRef = B5D3A5411E9585E800D808B7 /* PlayfairDisplay-Bold.ttf */; };
		B5D3A5481E9585E800D808B7 /* PlayfairDisplay-BoldItalic.ttf in Resources */ = {isa = PBXBuildFile; fileRef = B5D3A5421E9585E800D808B7 /* PlayfairDisplay-BoldItalic.ttf */; };
		B5D3A5491E9585E800D808B7 /* PlayfairDisplay-Italic.ttf in Resources */ = {isa = PBXBuildFile; fileRef = B5D3A5431E9585E800D808B7 /* PlayfairDisplay-Italic.ttf */; };
		B5D3A54A1E9585E800D808B7 /* PlayfairDisplay-Regular.ttf in Resources */ = {isa = PBXBuildFile; fileRef = B5D3A5441E9585E800D808B7 /* PlayfairDisplay-Regular.ttf */; };
		B5D3A54D1E958ADF00D808B7 /* ProductCollectionViewCell.swift in Sources */ = {isa = PBXBuildFile; fileRef = B5D3A54C1E958ADF00D808B7 /* ProductCollectionViewCell.swift */; };
		B5D3A54F1E9596FA00D808B7 /* MediaCollectionView.swift in Sources */ = {isa = PBXBuildFile; fileRef = B5D3A54E1E9596FA00D808B7 /* MediaCollectionView.swift */; };
		B5D3A5561E95A56300D808B7 /* MediaViewCollectionCell.swift in Sources */ = {isa = PBXBuildFile; fileRef = B5D3A5551E95A56300D808B7 /* MediaViewCollectionCell.swift */; };
		B5FB96E71EA5183D008689A5 /* NoVideoCell.swift in Sources */ = {isa = PBXBuildFile; fileRef = B5FB96E61EA5183D008689A5 /* NoVideoCell.swift */; };
		D32E5F491E96885D0025D613 /* YoutubePreviewCell.swift in Sources */ = {isa = PBXBuildFile; fileRef = D32E5F481E96885D0025D613 /* YoutubePreviewCell.swift */; };
		D33B08171E93FB650046E986 /* AppDelegate.swift in Sources */ = {isa = PBXBuildFile; fileRef = D33B08161E93FB650046E986 /* AppDelegate.swift */; };
		D33B08211E93FB650046E986 /* Assets.xcassets in Resources */ = {isa = PBXBuildFile; fileRef = D33B08201E93FB650046E986 /* Assets.xcassets */; };
		D33B08241E93FB650046E986 /* LaunchScreen.storyboard in Resources */ = {isa = PBXBuildFile; fileRef = D33B08221E93FB650046E986 /* LaunchScreen.storyboard */; };
		D33B083A1E93FB650046E986 /* MakeUp_AppUITests.swift in Sources */ = {isa = PBXBuildFile; fileRef = D33B08391E93FB650046E986 /* MakeUp_AppUITests.swift */; };
		D33B084E1E942DCF0046E986 /* YoutubeAPIClient.swift in Sources */ = {isa = PBXBuildFile; fileRef = D33B084D1E942DCF0046E986 /* YoutubeAPIClient.swift */; };
		D33B08501E9537AC0046E986 /* Youtube.swift in Sources */ = {isa = PBXBuildFile; fileRef = D33B084F1E9537AC0046E986 /* Youtube.swift */; };
		D33B08521E9542D00046E986 /* ResultStore.swift in Sources */ = {isa = PBXBuildFile; fileRef = D33B08511E9542D00046E986 /* ResultStore.swift */; };
		D34537AF1EA0199F00D993B9 /* PageViewController.swift in Sources */ = {isa = PBXBuildFile; fileRef = D34537AE1EA0199F00D993B9 /* PageViewController.swift */; };
		D35D674F1E96E7FD00B8AB03 /* YouTubePlayerViewViewController.swift in Sources */ = {isa = PBXBuildFile; fileRef = D35D674E1E96E7FD00B8AB03 /* YouTubePlayerViewViewController.swift */; };
		D39320E31EA8FA02001CFDED /* Secrets.swift in Sources */ = {isa = PBXBuildFile; fileRef = D39320E21EA8FA02001CFDED /* Secrets.swift */; };
		D39C583E1E95898C0078298B /* SignUpViewController.swift in Sources */ = {isa = PBXBuildFile; fileRef = D33B08181E93FB650046E986 /* SignUpViewController.swift */; };
		D3AABBA01E96CD9D00590E96 /* ImageAPIClient.swift in Sources */ = {isa = PBXBuildFile; fileRef = D3AABB9F1E96CD9D00590E96 /* ImageAPIClient.swift */; };
		D3C475251EA1195300DFBF0A /* BottomBarView.swift in Sources */ = {isa = PBXBuildFile; fileRef = D3C475241EA1195300DFBF0A /* BottomBarView.swift */; };
		DA9339222F13F5231FCFD54E /* Pods_MakeUp_App.framework in Frameworks */ = {isa = PBXBuildFile; fileRef = A61DC710A697C9092B6EB698 /* Pods_MakeUp_App.framework */; };
/* End PBXBuildFile section */

/* Begin PBXContainerItemProxy section */
		D33B082B1E93FB650046E986 /* PBXContainerItemProxy */ = {
			isa = PBXContainerItemProxy;
			containerPortal = D33B080B1E93FB650046E986 /* Project object */;
			proxyType = 1;
			remoteGlobalIDString = D33B08121E93FB650046E986;
			remoteInfo = "MakeUp App";
		};
		D33B08361E93FB650046E986 /* PBXContainerItemProxy */ = {
			isa = PBXContainerItemProxy;
			containerPortal = D33B080B1E93FB650046E986 /* Project object */;
			proxyType = 1;
			remoteGlobalIDString = D33B08121E93FB650046E986;
			remoteInfo = "MakeUp App";
		};
/* End PBXContainerItemProxy section */

/* Begin PBXFileReference section */
		402D887E1EAA589600B7B23E /* EmailSignIn.swift */ = {isa = PBXFileReference; fileEncoding = 4; lastKnownFileType = sourcecode.swift; path = EmailSignIn.swift; sourceTree = "<group>"; };
		402E6CD01EA7CDD700FD688C /* ResetPassword.swift */ = {isa = PBXFileReference; fileEncoding = 4; lastKnownFileType = sourcecode.swift; path = ResetPassword.swift; sourceTree = "<group>"; };
		4056D7D31E96E26800AF6727 /* Product.swift */ = {isa = PBXFileReference; fileEncoding = 4; lastKnownFileType = sourcecode.swift; path = Product.swift; sourceTree = "<group>"; };
		4056D7D51E96E2BA00AF6727 /* GoogleService-Info.plist */ = {isa = PBXFileReference; fileEncoding = 4; lastKnownFileType = text.plist.xml; path = "GoogleService-Info.plist"; sourceTree = "<group>"; };
		40771F801E9D292F00872379 /* ProductTableViewCell.swift */ = {isa = PBXFileReference; fileEncoding = 4; lastKnownFileType = sourcecode.swift; path = ProductTableViewCell.swift; sourceTree = "<group>"; };
		40771F821E9D5DF700872379 /* ProductAPIClient.swift */ = {isa = PBXFileReference; fileEncoding = 4; lastKnownFileType = sourcecode.swift; path = ProductAPIClient.swift; sourceTree = "<group>"; };
		40B7F6C11E9BE6EA00B3D447 /* SearchTableViewController.swift */ = {isa = PBXFileReference; fileEncoding = 4; lastKnownFileType = sourcecode.swift; path = SearchTableViewController.swift; sourceTree = "<group>"; };
		6C97B014205069603AF2B928 /* Pods-MakeUp App.debug.xcconfig */ = {isa = PBXFileReference; includeInIndex = 1; lastKnownFileType = text.xcconfig; name = "Pods-MakeUp App.debug.xcconfig"; path = "Pods/Target Support Files/Pods-MakeUp App/Pods-MakeUp App.debug.xcconfig"; sourceTree = "<group>"; };
		A61DC710A697C9092B6EB698 /* Pods_MakeUp_App.framework */ = {isa = PBXFileReference; explicitFileType = wrapper.framework; includeInIndex = 0; path = Pods_MakeUp_App.framework; sourceTree = BUILT_PRODUCTS_DIR; };
		B503D0591EA01F05004D73E8 /* YouTubeVideoController.swift */ = {isa = PBXFileReference; fileEncoding = 4; lastKnownFileType = sourcecode.swift; path = YouTubeVideoController.swift; sourceTree = "<group>"; };
		B503D05B1EA03275004D73E8 /* CircularButton.swift */ = {isa = PBXFileReference; fileEncoding = 4; lastKnownFileType = sourcecode.swift; path = CircularButton.swift; sourceTree = "<group>"; };
		B50850041EA1C42600A9A07B /* KeyBoardExtension.swift */ = {isa = PBXFileReference; fileEncoding = 4; lastKnownFileType = sourcecode.swift; path = KeyBoardExtension.swift; sourceTree = "<group>"; };
		B508FB261E9BCC640049B424 /* FirebaseManager.swift */ = {isa = PBXFileReference; fileEncoding = 4; lastKnownFileType = sourcecode.swift; path = FirebaseManager.swift; sourceTree = "<group>"; };
		B508FB281E9D71A20049B424 /* UserStore.swift */ = {isa = PBXFileReference; fileEncoding = 4; lastKnownFileType = sourcecode.swift; path = UserStore.swift; sourceTree = "<group>"; };
		B50E4C101E940F660004D8F7 /* ProductViewController.swift */ = {isa = PBXFileReference; fileEncoding = 4; lastKnownFileType = sourcecode.swift; path = ProductViewController.swift; sourceTree = "<group>"; };
		B50E4C121E940F790004D8F7 /* SearchViewController.swift */ = {isa = PBXFileReference; fileEncoding = 4; lastKnownFileType = sourcecode.swift; path = SearchViewController.swift; sourceTree = "<group>"; };
		B50E4C151E9410660004D8F7 /* Colors.swift */ = {isa = PBXFileReference; fileEncoding = 4; lastKnownFileType = sourcecode.swift; path = Colors.swift; sourceTree = "<group>"; };
		B50E4C171E9411EF0004D8F7 /* Fonts.swift */ = {isa = PBXFileReference; fileEncoding = 4; lastKnownFileType = sourcecode.swift; path = Fonts.swift; sourceTree = "<group>"; };
		B50E4C3F1E94270C0004D8F7 /* SignInButton.swift */ = {isa = PBXFileReference; fileEncoding = 4; lastKnownFileType = sourcecode.swift; path = SignInButton.swift; sourceTree = "<group>"; };
		B50E4C431E942DC20004D8F7 /* EmailSignUp.swift */ = {isa = PBXFileReference; fileEncoding = 4; lastKnownFileType = sourcecode.swift; path = EmailSignUp.swift; sourceTree = "<group>"; };
		B53E9BBB1E953AF00017E3E9 /* HomeViewController.swift */ = {isa = PBXFileReference; fileEncoding = 4; lastKnownFileType = sourcecode.swift; path = HomeViewController.swift; sourceTree = "<group>"; };
		B53E9BBD1E9546F80017E3E9 /* NavBar.swift */ = {isa = PBXFileReference; fileEncoding = 4; lastKnownFileType = sourcecode.swift; path = NavBar.swift; sourceTree = "<group>"; };
		B54F1C2F1E96A53F00360CB3 /* HorizontalRule.swift */ = {isa = PBXFileReference; fileEncoding = 4; lastKnownFileType = sourcecode.swift; path = HorizontalRule.swift; sourceTree = "<group>"; };
		B5D3A53F1E9585E800D808B7 /* PlayfairDisplay-Black.ttf */ = {isa = PBXFileReference; lastKnownFileType = file; path = "PlayfairDisplay-Black.ttf"; sourceTree = "<group>"; };
		B5D3A5401E9585E800D808B7 /* PlayfairDisplay-BlackItalic.ttf */ = {isa = PBXFileReference; lastKnownFileType = file; path = "PlayfairDisplay-BlackItalic.ttf"; sourceTree = "<group>"; };
		B5D3A5411E9585E800D808B7 /* PlayfairDisplay-Bold.ttf */ = {isa = PBXFileReference; lastKnownFileType = file; path = "PlayfairDisplay-Bold.ttf"; sourceTree = "<group>"; };
		B5D3A5421E9585E800D808B7 /* PlayfairDisplay-BoldItalic.ttf */ = {isa = PBXFileReference; lastKnownFileType = file; path = "PlayfairDisplay-BoldItalic.ttf"; sourceTree = "<group>"; };
		B5D3A5431E9585E800D808B7 /* PlayfairDisplay-Italic.ttf */ = {isa = PBXFileReference; lastKnownFileType = file; path = "PlayfairDisplay-Italic.ttf"; sourceTree = "<group>"; };
		B5D3A5441E9585E800D808B7 /* PlayfairDisplay-Regular.ttf */ = {isa = PBXFileReference; lastKnownFileType = file; path = "PlayfairDisplay-Regular.ttf"; sourceTree = "<group>"; };
		B5D3A54C1E958ADF00D808B7 /* ProductCollectionViewCell.swift */ = {isa = PBXFileReference; fileEncoding = 4; lastKnownFileType = sourcecode.swift; path = ProductCollectionViewCell.swift; sourceTree = "<group>"; };
		B5D3A54E1E9596FA00D808B7 /* MediaCollectionView.swift */ = {isa = PBXFileReference; fileEncoding = 4; lastKnownFileType = sourcecode.swift; path = MediaCollectionView.swift; sourceTree = "<group>"; };
		B5D3A5551E95A56300D808B7 /* MediaViewCollectionCell.swift */ = {isa = PBXFileReference; fileEncoding = 4; lastKnownFileType = sourcecode.swift; path = MediaViewCollectionCell.swift; sourceTree = "<group>"; };
		B5FB96E61EA5183D008689A5 /* NoVideoCell.swift */ = {isa = PBXFileReference; fileEncoding = 4; lastKnownFileType = sourcecode.swift; path = NoVideoCell.swift; sourceTree = "<group>"; };
		BDFBEC101FECBE8E53105C3A /* Pods-MakeUp App.release.xcconfig */ = {isa = PBXFileReference; includeInIndex = 1; lastKnownFileType = text.xcconfig; name = "Pods-MakeUp App.release.xcconfig"; path = "Pods/Target Support Files/Pods-MakeUp App/Pods-MakeUp App.release.xcconfig"; sourceTree = "<group>"; };
		D32E5F481E96885D0025D613 /* YoutubePreviewCell.swift */ = {isa = PBXFileReference; fileEncoding = 4; lastKnownFileType = sourcecode.swift; path = YoutubePreviewCell.swift; sourceTree = "<group>"; };
		D33B08131E93FB650046E986 /* MakeUp App.app */ = {isa = PBXFileReference; explicitFileType = wrapper.application; includeInIndex = 0; path = "MakeUp App.app"; sourceTree = BUILT_PRODUCTS_DIR; };
		D33B08161E93FB650046E986 /* AppDelegate.swift */ = {isa = PBXFileReference; lastKnownFileType = sourcecode.swift; path = AppDelegate.swift; sourceTree = "<group>"; };
		D33B08181E93FB650046E986 /* SignUpViewController.swift */ = {isa = PBXFileReference; lastKnownFileType = sourcecode.swift; path = SignUpViewController.swift; sourceTree = "<group>"; };
		D33B08201E93FB650046E986 /* Assets.xcassets */ = {isa = PBXFileReference; lastKnownFileType = folder.assetcatalog; path = Assets.xcassets; sourceTree = "<group>"; };
		D33B08231E93FB650046E986 /* Base */ = {isa = PBXFileReference; lastKnownFileType = file.storyboard; name = Base; path = Base.lproj/LaunchScreen.storyboard; sourceTree = "<group>"; };
		D33B08251E93FB650046E986 /* Info.plist */ = {isa = PBXFileReference; lastKnownFileType = text.plist.xml; path = Info.plist; sourceTree = "<group>"; };
		D33B082A1E93FB650046E986 /* MakeUp AppTests.xctest */ = {isa = PBXFileReference; explicitFileType = wrapper.cfbundle; includeInIndex = 0; path = "MakeUp AppTests.xctest"; sourceTree = BUILT_PRODUCTS_DIR; };
		D33B08351E93FB650046E986 /* MakeUp AppUITests.xctest */ = {isa = PBXFileReference; explicitFileType = wrapper.cfbundle; includeInIndex = 0; path = "MakeUp AppUITests.xctest"; sourceTree = BUILT_PRODUCTS_DIR; };
		D33B08391E93FB650046E986 /* MakeUp_AppUITests.swift */ = {isa = PBXFileReference; lastKnownFileType = sourcecode.swift; path = MakeUp_AppUITests.swift; sourceTree = "<group>"; };
		D33B083B1E93FB650046E986 /* Info.plist */ = {isa = PBXFileReference; lastKnownFileType = text.plist.xml; path = Info.plist; sourceTree = "<group>"; };
		D33B084D1E942DCF0046E986 /* YoutubeAPIClient.swift */ = {isa = PBXFileReference; fileEncoding = 4; lastKnownFileType = sourcecode.swift; path = YoutubeAPIClient.swift; sourceTree = "<group>"; };
		D33B084F1E9537AC0046E986 /* Youtube.swift */ = {isa = PBXFileReference; fileEncoding = 4; lastKnownFileType = sourcecode.swift; path = Youtube.swift; sourceTree = "<group>"; };
		D33B08511E9542D00046E986 /* ResultStore.swift */ = {isa = PBXFileReference; fileEncoding = 4; lastKnownFileType = sourcecode.swift; path = ResultStore.swift; sourceTree = "<group>"; };
		D34537AE1EA0199F00D993B9 /* PageViewController.swift */ = {isa = PBXFileReference; fileEncoding = 4; lastKnownFileType = sourcecode.swift; path = PageViewController.swift; sourceTree = "<group>"; };
		D35D674E1E96E7FD00B8AB03 /* YouTubePlayerViewViewController.swift */ = {isa = PBXFileReference; fileEncoding = 4; lastKnownFileType = sourcecode.swift; path = YouTubePlayerViewViewController.swift; sourceTree = "<group>"; };
		D39320E21EA8FA02001CFDED /* Secrets.swift */ = {isa = PBXFileReference; fileEncoding = 4; lastKnownFileType = sourcecode.swift; path = Secrets.swift; sourceTree = "<group>"; };
		D3AABB9F1E96CD9D00590E96 /* ImageAPIClient.swift */ = {isa = PBXFileReference; fileEncoding = 4; lastKnownFileType = sourcecode.swift; path = ImageAPIClient.swift; sourceTree = "<group>"; };
		D3C475241EA1195300DFBF0A /* BottomBarView.swift */ = {isa = PBXFileReference; fileEncoding = 4; lastKnownFileType = sourcecode.swift; path = BottomBarView.swift; sourceTree = "<group>"; };
/* End PBXFileReference section */

/* Begin PBXFrameworksBuildPhase section */
		D33B08101E93FB650046E986 /* Frameworks */ = {
			isa = PBXFrameworksBuildPhase;
			buildActionMask = 2147483647;
			files = (
				DA9339222F13F5231FCFD54E /* Pods_MakeUp_App.framework in Frameworks */,
			);
			runOnlyForDeploymentPostprocessing = 0;
		};
		D33B08271E93FB650046E986 /* Frameworks */ = {
			isa = PBXFrameworksBuildPhase;
			buildActionMask = 2147483647;
			files = (
			);
			runOnlyForDeploymentPostprocessing = 0;
		};
		D33B08321E93FB650046E986 /* Frameworks */ = {
			isa = PBXFrameworksBuildPhase;
			buildActionMask = 2147483647;
			files = (
			);
			runOnlyForDeploymentPostprocessing = 0;
		};
/* End PBXFrameworksBuildPhase section */

/* Begin PBXGroup section */
		11C87EF125671A547215E1A5 /* Frameworks */ = {
			isa = PBXGroup;
			children = (
				A61DC710A697C9092B6EB698 /* Pods_MakeUp_App.framework */,
			);
			name = Frameworks;
			sourceTree = "<group>";
		};
		5017D20D122DFF5DFFCA5D95 /* Pods */ = {
			isa = PBXGroup;
			children = (
				6C97B014205069603AF2B928 /* Pods-MakeUp App.debug.xcconfig */,
				BDFBEC101FECBE8E53105C3A /* Pods-MakeUp App.release.xcconfig */,
			);
			name = Pods;
			sourceTree = "<group>";
		};
		B503D0581EA01EC8004D73E8 /* Product Flow */ = {
			isa = PBXGroup;
			children = (
				B50E4C101E940F660004D8F7 /* ProductViewController.swift */,
				B503D0591EA01F05004D73E8 /* YouTubeVideoController.swift */,
			);
			name = "Product Flow";
			sourceTree = "<group>";
		};
		B50850061EA1C42A00A9A07B /* Utility */ = {
			isa = PBXGroup;
			children = (
				B50850041EA1C42600A9A07B /* KeyBoardExtension.swift */,
			);
			name = Utility;
			sourceTree = "<group>";
		};
		B50E4C0C1E940EF90004D8F7 /* Controllers */ = {
			isa = PBXGroup;
			children = (
				B5BB425D1EA27E8E00C61A99 /* Main Controllers */,
				B5BB425C1EA27E6D00C61A99 /* Index Controllers */,
				B503D0581EA01EC8004D73E8 /* Product Flow */,
				B50E4C421E942DB80004D8F7 /* SignUp Flow */,
				D35D674E1E96E7FD00B8AB03 /* YouTubePlayerViewViewController.swift */,
			);
			name = Controllers;
			sourceTree = "<group>";
		};
		B50E4C0D1E940EFF0004D8F7 /* Models */ = {
			isa = PBXGroup;
			children = (
				D33B084F1E9537AC0046E986 /* Youtube.swift */,
				4056D7D31E96E26800AF6727 /* Product.swift */,
			);
			name = Models;
			sourceTree = "<group>";
		};
		B50E4C141E9410280004D8F7 /* Styling */ = {
			isa = PBXGroup;
			children = (
				D33B08201E93FB650046E986 /* Assets.xcassets */,
				D33B08221E93FB650046E986 /* LaunchScreen.storyboard */,
				B50E4C151E9410660004D8F7 /* Colors.swift */,
				B50E4C171E9411EF0004D8F7 /* Fonts.swift */,
				B5D3A53F1E9585E800D808B7 /* PlayfairDisplay-Black.ttf */,
				B5D3A5401E9585E800D808B7 /* PlayfairDisplay-BlackItalic.ttf */,
				B5D3A5411E9585E800D808B7 /* PlayfairDisplay-Bold.ttf */,
				B5D3A5421E9585E800D808B7 /* PlayfairDisplay-BoldItalic.ttf */,
				B5D3A5431E9585E800D808B7 /* PlayfairDisplay-Italic.ttf */,
				B5D3A5441E9585E800D808B7 /* PlayfairDisplay-Regular.ttf */,
			);
			name = Styling;
			sourceTree = "<group>";
		};
		B50E4C3E1E9426F50004D8F7 /* Views */ = {
			isa = PBXGroup;
			children = (
				B50850061EA1C42A00A9A07B /* Utility */,
				B5D3A5501E9596FD00D808B7 /* Cells */,
				B50E4C3F1E94270C0004D8F7 /* SignInButton.swift */,
				B503D05B1EA03275004D73E8 /* CircularButton.swift */,
				B53E9BBD1E9546F80017E3E9 /* NavBar.swift */,
				D3C475241EA1195300DFBF0A /* BottomBarView.swift */,
				B5D3A54E1E9596FA00D808B7 /* MediaCollectionView.swift */,
				B54F1C2F1E96A53F00360CB3 /* HorizontalRule.swift */,
			);
			name = Views;
			sourceTree = "<group>";
		};
		B50E4C421E942DB80004D8F7 /* SignUp Flow */ = {
			isa = PBXGroup;
			children = (
				D33B08181E93FB650046E986 /* SignUpViewController.swift */,
				B50E4C431E942DC20004D8F7 /* EmailSignUp.swift */,
				402E6CD01EA7CDD700FD688C /* ResetPassword.swift */,
				402D887E1EAA589600B7B23E /* EmailSignIn.swift */,
			);
			name = "SignUp Flow";
			sourceTree = "<group>";
		};
		B5BB425C1EA27E6D00C61A99 /* Index Controllers */ = {
			isa = PBXGroup;
			children = (
				D34537AE1EA0199F00D993B9 /* PageViewController.swift */,
			);
			name = "Index Controllers";
			sourceTree = "<group>";
		};
		B5BB425D1EA27E8E00C61A99 /* Main Controllers */ = {
			isa = PBXGroup;
			children = (
				40B7F6C11E9BE6EA00B3D447 /* SearchTableViewController.swift */,
				B53E9BBB1E953AF00017E3E9 /* HomeViewController.swift */,
				B50E4C121E940F790004D8F7 /* SearchViewController.swift */,
			);
			name = "Main Controllers";
			sourceTree = "<group>";
		};
		B5D3A5501E9596FD00D808B7 /* Cells */ = {
			isa = PBXGroup;
			children = (
				B5D3A54C1E958ADF00D808B7 /* ProductCollectionViewCell.swift */,
				40771F801E9D292F00872379 /* ProductTableViewCell.swift */,
				B5D3A5551E95A56300D808B7 /* MediaViewCollectionCell.swift */,
				D32E5F481E96885D0025D613 /* YoutubePreviewCell.swift */,
				B5FB96E61EA5183D008689A5 /* NoVideoCell.swift */,
			);
			name = Cells;
			sourceTree = "<group>";
		};
		D33B080A1E93FB650046E986 = {
			isa = PBXGroup;
			children = (
				D33B08151E93FB650046E986 /* MakeUp App */,
				D33B08381E93FB650046E986 /* MakeUp AppUITests */,
				D33B08141E93FB650046E986 /* Products */,
				5017D20D122DFF5DFFCA5D95 /* Pods */,
				11C87EF125671A547215E1A5 /* Frameworks */,
			);
			sourceTree = "<group>";
		};
		D33B08141E93FB650046E986 /* Products */ = {
			isa = PBXGroup;
			children = (
				D33B08131E93FB650046E986 /* MakeUp App.app */,
				D33B082A1E93FB650046E986 /* MakeUp AppTests.xctest */,
				D33B08351E93FB650046E986 /* MakeUp AppUITests.xctest */,
			);
			name = Products;
			sourceTree = "<group>";
		};
		D33B08151E93FB650046E986 /* MakeUp App */ = {
			isa = PBXGroup;
			children = (
				D33B084C1E942DB00046E986 /* Network */,
				D39ADC1F1E97F28F0043C4E5 /* DataStores */,
				B50E4C0D1E940EFF0004D8F7 /* Models */,
				B50E4C3E1E9426F50004D8F7 /* Views */,
				B50E4C0C1E940EF90004D8F7 /* Controllers */,
				B50E4C141E9410280004D8F7 /* Styling */,
				D33B08161E93FB650046E986 /* AppDelegate.swift */,
				4056D7D51E96E2BA00AF6727 /* GoogleService-Info.plist */,
				D33B08251E93FB650046E986 /* Info.plist */,
			);
			path = "MakeUp App";
			sourceTree = "<group>";
		};
		D33B08381E93FB650046E986 /* MakeUp AppUITests */ = {
			isa = PBXGroup;
			children = (
				D33B08391E93FB650046E986 /* MakeUp_AppUITests.swift */,
				D33B083B1E93FB650046E986 /* Info.plist */,
			);
			path = "MakeUp AppUITests";
			sourceTree = "<group>";
		};
		D33B084C1E942DB00046E986 /* Network */ = {
			isa = PBXGroup;
			children = (
				D33B084D1E942DCF0046E986 /* YoutubeAPIClient.swift */,
				D3AABB9F1E96CD9D00590E96 /* ImageAPIClient.swift */,
				B508FB261E9BCC640049B424 /* FirebaseManager.swift */,
				40771F821E9D5DF700872379 /* ProductAPIClient.swift */,
				D39320E21EA8FA02001CFDED /* Secrets.swift */,
			);
			name = Network;
			sourceTree = "<group>";
		};
		D39ADC1F1E97F28F0043C4E5 /* DataStores */ = {
			isa = PBXGroup;
			children = (
				D33B08511E9542D00046E986 /* ResultStore.swift */,
				B508FB281E9D71A20049B424 /* UserStore.swift */,
			);
			name = DataStores;
			sourceTree = "<group>";
		};
/* End PBXGroup section */

/* Begin PBXNativeTarget section */
		D33B08121E93FB650046E986 /* MakeUp App */ = {
			isa = PBXNativeTarget;
			buildConfigurationList = D33B083E1E93FB650046E986 /* Build configuration list for PBXNativeTarget "MakeUp App" */;
			buildPhases = (
				833661C15E49E3FF4601F361 /* [CP] Check Pods Manifest.lock */,
				D33B080F1E93FB650046E986 /* Sources */,
				D33B08101E93FB650046E986 /* Frameworks */,
				D33B08111E93FB650046E986 /* Resources */,
				C4F979A0AD0DC37D96DD7B2D /* [CP] Embed Pods Frameworks */,
				179908803E99A7847F51CA00 /* [CP] Copy Pods Resources */,
			);
			buildRules = (
			);
			dependencies = (
			);
			name = "MakeUp App";
			productName = "MakeUp App";
			productReference = D33B08131E93FB650046E986 /* MakeUp App.app */;
			productType = "com.apple.product-type.application";
		};
		D33B08291E93FB650046E986 /* MakeUp AppTests */ = {
			isa = PBXNativeTarget;
			buildConfigurationList = D33B08411E93FB650046E986 /* Build configuration list for PBXNativeTarget "MakeUp AppTests" */;
			buildPhases = (
				D33B08261E93FB650046E986 /* Sources */,
				D33B08271E93FB650046E986 /* Frameworks */,
				D33B08281E93FB650046E986 /* Resources */,
			);
			buildRules = (
			);
			dependencies = (
				D33B082C1E93FB650046E986 /* PBXTargetDependency */,
			);
			name = "MakeUp AppTests";
			productName = "MakeUp AppTests";
			productReference = D33B082A1E93FB650046E986 /* MakeUp AppTests.xctest */;
			productType = "com.apple.product-type.bundle.unit-test";
		};
		D33B08341E93FB650046E986 /* MakeUp AppUITests */ = {
			isa = PBXNativeTarget;
			buildConfigurationList = D33B08441E93FB650046E986 /* Build configuration list for PBXNativeTarget "MakeUp AppUITests" */;
			buildPhases = (
				D33B08311E93FB650046E986 /* Sources */,
				D33B08321E93FB650046E986 /* Frameworks */,
				D33B08331E93FB650046E986 /* Resources */,
			);
			buildRules = (
			);
			dependencies = (
				D33B08371E93FB650046E986 /* PBXTargetDependency */,
			);
			name = "MakeUp AppUITests";
			productName = "MakeUp AppUITests";
			productReference = D33B08351E93FB650046E986 /* MakeUp AppUITests.xctest */;
			productType = "com.apple.product-type.bundle.ui-testing";
		};
/* End PBXNativeTarget section */

/* Begin PBXProject section */
		D33B080B1E93FB650046E986 /* Project object */ = {
			isa = PBXProject;
			attributes = {
				LastSwiftUpdateCheck = 0820;
				LastUpgradeCheck = 0820;
				ORGANIZATIONNAME = "Raquel Rahmey";
				TargetAttributes = {
					D33B08121E93FB650046E986 = {
						CreatedOnToolsVersion = 8.2.1;
						DevelopmentTeam = 4JRBXT6ZFK;

						ProvisioningStyle = Automatic;
					};
					D33B08291E93FB650046E986 = {
						CreatedOnToolsVersion = 8.2.1;
						DevelopmentTeam = 56S3PA4JK8;
						ProvisioningStyle = Automatic;
						TestTargetID = D33B08121E93FB650046E986;
					};
					D33B08341E93FB650046E986 = {
						CreatedOnToolsVersion = 8.2.1;
						DevelopmentTeam = 56S3PA4JK8;
						ProvisioningStyle = Automatic;
						TestTargetID = D33B08121E93FB650046E986;
					};
				};
			};
			buildConfigurationList = D33B080E1E93FB650046E986 /* Build configuration list for PBXProject "MakeUp App" */;
			compatibilityVersion = "Xcode 3.2";
			developmentRegion = English;
			hasScannedForEncodings = 0;
			knownRegions = (
				en,
				Base,
			);
			mainGroup = D33B080A1E93FB650046E986;
			productRefGroup = D33B08141E93FB650046E986 /* Products */;
			projectDirPath = "";
			projectRoot = "";
			targets = (
				D33B08121E93FB650046E986 /* MakeUp App */,
				D33B08291E93FB650046E986 /* MakeUp AppTests */,
				D33B08341E93FB650046E986 /* MakeUp AppUITests */,
			);
		};
/* End PBXProject section */

/* Begin PBXResourcesBuildPhase section */
		D33B08111E93FB650046E986 /* Resources */ = {
			isa = PBXResourcesBuildPhase;
			buildActionMask = 2147483647;
			files = (
				D33B08241E93FB650046E986 /* LaunchScreen.storyboard in Resources */,
				B5D3A5461E9585E800D808B7 /* PlayfairDisplay-BlackItalic.ttf in Resources */,
				4056D7D61E96E2BA00AF6727 /* GoogleService-Info.plist in Resources */,
				D33B08211E93FB650046E986 /* Assets.xcassets in Resources */,
				B5D3A5471E9585E800D808B7 /* PlayfairDisplay-Bold.ttf in Resources */,
				B5D3A54A1E9585E800D808B7 /* PlayfairDisplay-Regular.ttf in Resources */,
				B5D3A5481E9585E800D808B7 /* PlayfairDisplay-BoldItalic.ttf in Resources */,
				B5D3A5451E9585E800D808B7 /* PlayfairDisplay-Black.ttf in Resources */,
				B5D3A5491E9585E800D808B7 /* PlayfairDisplay-Italic.ttf in Resources */,
			);
			runOnlyForDeploymentPostprocessing = 0;
		};
		D33B08281E93FB650046E986 /* Resources */ = {
			isa = PBXResourcesBuildPhase;
			buildActionMask = 2147483647;
			files = (
			);
			runOnlyForDeploymentPostprocessing = 0;
		};
		D33B08331E93FB650046E986 /* Resources */ = {
			isa = PBXResourcesBuildPhase;
			buildActionMask = 2147483647;
			files = (
			);
			runOnlyForDeploymentPostprocessing = 0;
		};
/* End PBXResourcesBuildPhase section */

/* Begin PBXShellScriptBuildPhase section */
		179908803E99A7847F51CA00 /* [CP] Copy Pods Resources */ = {
			isa = PBXShellScriptBuildPhase;
			buildActionMask = 2147483647;
			files = (
			);
			inputPaths = (
			);
			name = "[CP] Copy Pods Resources";
			outputPaths = (
			);
			runOnlyForDeploymentPostprocessing = 0;
			shellPath = /bin/sh;
			shellScript = "\"${SRCROOT}/Pods/Target Support Files/Pods-MakeUp App/Pods-MakeUp App-resources.sh\"\n";
			showEnvVarsInLog = 0;
		};
		833661C15E49E3FF4601F361 /* [CP] Check Pods Manifest.lock */ = {
			isa = PBXShellScriptBuildPhase;
			buildActionMask = 2147483647;
			files = (
			);
			inputPaths = (
			);
			name = "[CP] Check Pods Manifest.lock";
			outputPaths = (
			);
			runOnlyForDeploymentPostprocessing = 0;
			shellPath = /bin/sh;
			shellScript = "diff \"${PODS_ROOT}/../Podfile.lock\" \"${PODS_ROOT}/Manifest.lock\" > /dev/null\nif [ $? != 0 ] ; then\n    # print error to STDERR\n    echo \"error: The sandbox is not in sync with the Podfile.lock. Run 'pod install' or update your CocoaPods installation.\" >&2\n    exit 1\nfi\n";
			showEnvVarsInLog = 0;
		};
		C4F979A0AD0DC37D96DD7B2D /* [CP] Embed Pods Frameworks */ = {
			isa = PBXShellScriptBuildPhase;
			buildActionMask = 2147483647;
			files = (
			);
			inputPaths = (
			);
			name = "[CP] Embed Pods Frameworks";
			outputPaths = (
			);
			runOnlyForDeploymentPostprocessing = 0;
			shellPath = /bin/sh;
			shellScript = "\"${SRCROOT}/Pods/Target Support Files/Pods-MakeUp App/Pods-MakeUp App-frameworks.sh\"\n";
			showEnvVarsInLog = 0;
		};
/* End PBXShellScriptBuildPhase section */

/* Begin PBXSourcesBuildPhase section */
		D33B080F1E93FB650046E986 /* Sources */ = {
			isa = PBXSourcesBuildPhase;
			buildActionMask = 2147483647;
			files = (
				B508FB271E9BCC640049B424 /* FirebaseManager.swift in Sources */,
				B50850051EA1C42600A9A07B /* KeyBoardExtension.swift in Sources */,
				402D887F1EAA589600B7B23E /* EmailSignIn.swift in Sources */,
				D33B08521E9542D00046E986 /* ResultStore.swift in Sources */,
				4056D7D41E96E26800AF6727 /* Product.swift in Sources */,
				B503D05C1EA03275004D73E8 /* CircularButton.swift in Sources */,
				40771F831E9D5DF700872379 /* ProductAPIClient.swift in Sources */,
				D33B08501E9537AC0046E986 /* Youtube.swift in Sources */,
				D3AABBA01E96CD9D00590E96 /* ImageAPIClient.swift in Sources */,
				D33B084E1E942DCF0046E986 /* YoutubeAPIClient.swift in Sources */,
				B50E4C181E9411EF0004D8F7 /* Fonts.swift in Sources */,
				D39320E31EA8FA02001CFDED /* Secrets.swift in Sources */,
				B50E4C131E940F790004D8F7 /* SearchViewController.swift in Sources */,
				B5D3A54D1E958ADF00D808B7 /* ProductCollectionViewCell.swift in Sources */,
				B50E4C161E9410660004D8F7 /* Colors.swift in Sources */,
				B5D3A54F1E9596FA00D808B7 /* MediaCollectionView.swift in Sources */,
				B508FB291E9D71A20049B424 /* UserStore.swift in Sources */,
				B53E9BBC1E953AF00017E3E9 /* HomeViewController.swift in Sources */,
				B5D3A5561E95A56300D808B7 /* MediaViewCollectionCell.swift in Sources */,
				B5FB96E71EA5183D008689A5 /* NoVideoCell.swift in Sources */,
				40771F811E9D292F00872379 /* ProductTableViewCell.swift in Sources */,
				B50E4C111E940F660004D8F7 /* ProductViewController.swift in Sources */,
				D35D674F1E96E7FD00B8AB03 /* YouTubePlayerViewViewController.swift in Sources */,
				D34537AF1EA0199F00D993B9 /* PageViewController.swift in Sources */,
				B53E9BBE1E9546F80017E3E9 /* NavBar.swift in Sources */,
				B50E4C401E94270C0004D8F7 /* SignInButton.swift in Sources */,
				D32E5F491E96885D0025D613 /* YoutubePreviewCell.swift in Sources */,
				B503D05A1EA01F05004D73E8 /* YouTubeVideoController.swift in Sources */,
				B54F1C301E96A53F00360CB3 /* HorizontalRule.swift in Sources */,
				D33B08171E93FB650046E986 /* AppDelegate.swift in Sources */,
				D3C475251EA1195300DFBF0A /* BottomBarView.swift in Sources */,
				402E6CD11EA7CDD700FD688C /* ResetPassword.swift in Sources */,
				40B7F6C21E9BE6EA00B3D447 /* SearchTableViewController.swift in Sources */,
				D39C583E1E95898C0078298B /* SignUpViewController.swift in Sources */,
				B50E4C441E942DC20004D8F7 /* EmailSignUp.swift in Sources */,
			);
			runOnlyForDeploymentPostprocessing = 0;
		};
		D33B08261E93FB650046E986 /* Sources */ = {
			isa = PBXSourcesBuildPhase;
			buildActionMask = 2147483647;
			files = (
			);
			runOnlyForDeploymentPostprocessing = 0;
		};
		D33B08311E93FB650046E986 /* Sources */ = {
			isa = PBXSourcesBuildPhase;
			buildActionMask = 2147483647;
			files = (
				D33B083A1E93FB650046E986 /* MakeUp_AppUITests.swift in Sources */,
			);
			runOnlyForDeploymentPostprocessing = 0;
		};
/* End PBXSourcesBuildPhase section */

/* Begin PBXTargetDependency section */
		D33B082C1E93FB650046E986 /* PBXTargetDependency */ = {
			isa = PBXTargetDependency;
			target = D33B08121E93FB650046E986 /* MakeUp App */;
			targetProxy = D33B082B1E93FB650046E986 /* PBXContainerItemProxy */;
		};
		D33B08371E93FB650046E986 /* PBXTargetDependency */ = {
			isa = PBXTargetDependency;
			target = D33B08121E93FB650046E986 /* MakeUp App */;
			targetProxy = D33B08361E93FB650046E986 /* PBXContainerItemProxy */;
		};
/* End PBXTargetDependency section */

/* Begin PBXVariantGroup section */
		D33B08221E93FB650046E986 /* LaunchScreen.storyboard */ = {
			isa = PBXVariantGroup;
			children = (
				D33B08231E93FB650046E986 /* Base */,
			);
			name = LaunchScreen.storyboard;
			sourceTree = "<group>";
		};
/* End PBXVariantGroup section */

/* Begin XCBuildConfiguration section */
		D33B083C1E93FB650046E986 /* Debug */ = {
			isa = XCBuildConfiguration;
			buildSettings = {
				ALWAYS_SEARCH_USER_PATHS = NO;
				CLANG_ANALYZER_NONNULL = YES;
				CLANG_CXX_LANGUAGE_STANDARD = "gnu++0x";
				CLANG_CXX_LIBRARY = "libc++";
				CLANG_ENABLE_MODULES = YES;
				CLANG_ENABLE_OBJC_ARC = YES;
				CLANG_WARN_BOOL_CONVERSION = YES;
				CLANG_WARN_CONSTANT_CONVERSION = YES;
				CLANG_WARN_DIRECT_OBJC_ISA_USAGE = YES_ERROR;
				CLANG_WARN_DOCUMENTATION_COMMENTS = YES;
				CLANG_WARN_EMPTY_BODY = YES;
				CLANG_WARN_ENUM_CONVERSION = YES;
				CLANG_WARN_INFINITE_RECURSION = YES;
				CLANG_WARN_INT_CONVERSION = YES;
				CLANG_WARN_OBJC_ROOT_CLASS = YES_ERROR;
				CLANG_WARN_SUSPICIOUS_MOVE = YES;
				CLANG_WARN_UNREACHABLE_CODE = YES;
				CLANG_WARN__DUPLICATE_METHOD_MATCH = YES;
				"CODE_SIGN_IDENTITY[sdk=iphoneos*]" = "iPhone Developer";
				COPY_PHASE_STRIP = NO;
				DEBUG_INFORMATION_FORMAT = dwarf;
				ENABLE_STRICT_OBJC_MSGSEND = YES;
				ENABLE_TESTABILITY = YES;
				GCC_C_LANGUAGE_STANDARD = gnu99;
				GCC_DYNAMIC_NO_PIC = NO;
				GCC_NO_COMMON_BLOCKS = YES;
				GCC_OPTIMIZATION_LEVEL = 0;
				GCC_PREPROCESSOR_DEFINITIONS = (
					"DEBUG=1",
					"$(inherited)",
				);
				GCC_WARN_64_TO_32_BIT_CONVERSION = YES;
				GCC_WARN_ABOUT_RETURN_TYPE = YES_ERROR;
				GCC_WARN_UNDECLARED_SELECTOR = YES;
				GCC_WARN_UNINITIALIZED_AUTOS = YES_AGGRESSIVE;
				GCC_WARN_UNUSED_FUNCTION = YES;
				GCC_WARN_UNUSED_VARIABLE = YES;
				IPHONEOS_DEPLOYMENT_TARGET = 10.2;
				MTL_ENABLE_DEBUG_INFO = YES;
				ONLY_ACTIVE_ARCH = YES;
				SDKROOT = iphoneos;
				SWIFT_ACTIVE_COMPILATION_CONDITIONS = DEBUG;
				SWIFT_OPTIMIZATION_LEVEL = "-Onone";
			};
			name = Debug;
		};
		D33B083D1E93FB650046E986 /* Release */ = {
			isa = XCBuildConfiguration;
			buildSettings = {
				ALWAYS_SEARCH_USER_PATHS = NO;
				CLANG_ANALYZER_NONNULL = YES;
				CLANG_CXX_LANGUAGE_STANDARD = "gnu++0x";
				CLANG_CXX_LIBRARY = "libc++";
				CLANG_ENABLE_MODULES = YES;
				CLANG_ENABLE_OBJC_ARC = YES;
				CLANG_WARN_BOOL_CONVERSION = YES;
				CLANG_WARN_CONSTANT_CONVERSION = YES;
				CLANG_WARN_DIRECT_OBJC_ISA_USAGE = YES_ERROR;
				CLANG_WARN_DOCUMENTATION_COMMENTS = YES;
				CLANG_WARN_EMPTY_BODY = YES;
				CLANG_WARN_ENUM_CONVERSION = YES;
				CLANG_WARN_INFINITE_RECURSION = YES;
				CLANG_WARN_INT_CONVERSION = YES;
				CLANG_WARN_OBJC_ROOT_CLASS = YES_ERROR;
				CLANG_WARN_SUSPICIOUS_MOVE = YES;
				CLANG_WARN_UNREACHABLE_CODE = YES;
				CLANG_WARN__DUPLICATE_METHOD_MATCH = YES;
				"CODE_SIGN_IDENTITY[sdk=iphoneos*]" = "iPhone Developer";
				COPY_PHASE_STRIP = NO;
				DEBUG_INFORMATION_FORMAT = "dwarf-with-dsym";
				ENABLE_NS_ASSERTIONS = NO;
				ENABLE_STRICT_OBJC_MSGSEND = YES;
				GCC_C_LANGUAGE_STANDARD = gnu99;
				GCC_NO_COMMON_BLOCKS = YES;
				GCC_WARN_64_TO_32_BIT_CONVERSION = YES;
				GCC_WARN_ABOUT_RETURN_TYPE = YES_ERROR;
				GCC_WARN_UNDECLARED_SELECTOR = YES;
				GCC_WARN_UNINITIALIZED_AUTOS = YES_AGGRESSIVE;
				GCC_WARN_UNUSED_FUNCTION = YES;
				GCC_WARN_UNUSED_VARIABLE = YES;
				IPHONEOS_DEPLOYMENT_TARGET = 10.2;
				MTL_ENABLE_DEBUG_INFO = NO;
				SDKROOT = iphoneos;
				SWIFT_OPTIMIZATION_LEVEL = "-Owholemodule";
				VALIDATE_PRODUCT = YES;
			};
			name = Release;
		};
		D33B083F1E93FB650046E986 /* Debug */ = {
			isa = XCBuildConfiguration;
			baseConfigurationReference = 6C97B014205069603AF2B928 /* Pods-MakeUp App.debug.xcconfig */;
			buildSettings = {
				ASSETCATALOG_COMPILER_APPICON_NAME = AppIcon;
				"CODE_SIGN_IDENTITY[sdk=iphoneos*]" = "iPhone Developer";
				DEVELOPMENT_TEAM = 4JRBXT6ZFK;

				INFOPLIST_FILE = "MakeUp App/Info.plist";
				LD_RUNPATH_SEARCH_PATHS = "$(inherited) @executable_path/Frameworks";
				PRODUCT_BUNDLE_IDENTIFIER = "com.iOSTeamGreen-MakeUp-.ios";
				PRODUCT_NAME = "$(TARGET_NAME)";
				PROVISIONING_PROFILE_SPECIFIER = "";
				SWIFT_VERSION = 3.0;
			};
			name = Debug;
		};
		D33B08401E93FB650046E986 /* Release */ = {
			isa = XCBuildConfiguration;
			baseConfigurationReference = BDFBEC101FECBE8E53105C3A /* Pods-MakeUp App.release.xcconfig */;
			buildSettings = {
				ASSETCATALOG_COMPILER_APPICON_NAME = AppIcon;
				"CODE_SIGN_IDENTITY[sdk=iphoneos*]" = "iPhone Developer";
				DEVELOPMENT_TEAM = 4JRBXT6ZFK;

				INFOPLIST_FILE = "MakeUp App/Info.plist";
				LD_RUNPATH_SEARCH_PATHS = "$(inherited) @executable_path/Frameworks";
				PRODUCT_BUNDLE_IDENTIFIER = "com.iOSTeamGreen-MakeUp-.ios";
				PRODUCT_NAME = "$(TARGET_NAME)";
				PROVISIONING_PROFILE_SPECIFIER = "";
				SWIFT_VERSION = 3.0;
			};
			name = Release;
		};
		D33B08421E93FB650046E986 /* Debug */ = {
			isa = XCBuildConfiguration;
			buildSettings = {
				ALWAYS_EMBED_SWIFT_STANDARD_LIBRARIES = YES;
				BUNDLE_LOADER = "$(TEST_HOST)";
				DEVELOPMENT_TEAM = 56S3PA4JK8;
				INFOPLIST_FILE = "MakeUp AppTests/Info.plist";
				LD_RUNPATH_SEARCH_PATHS = "$(inherited) @executable_path/Frameworks @loader_path/Frameworks";
				PRODUCT_BUNDLE_IDENTIFIER = "rrahmey-aol.com.MakeUp-AppTests";
				PRODUCT_NAME = "$(TARGET_NAME)";
				SWIFT_VERSION = 3.0;
				TEST_HOST = "$(BUILT_PRODUCTS_DIR)/MakeUp App.app/MakeUp App";
			};
			name = Debug;
		};
		D33B08431E93FB650046E986 /* Release */ = {
			isa = XCBuildConfiguration;
			buildSettings = {
				ALWAYS_EMBED_SWIFT_STANDARD_LIBRARIES = YES;
				BUNDLE_LOADER = "$(TEST_HOST)";
				DEVELOPMENT_TEAM = 56S3PA4JK8;
				INFOPLIST_FILE = "MakeUp AppTests/Info.plist";
				LD_RUNPATH_SEARCH_PATHS = "$(inherited) @executable_path/Frameworks @loader_path/Frameworks";
				PRODUCT_BUNDLE_IDENTIFIER = "rrahmey-aol.com.MakeUp-AppTests";
				PRODUCT_NAME = "$(TARGET_NAME)";
				SWIFT_VERSION = 3.0;
				TEST_HOST = "$(BUILT_PRODUCTS_DIR)/MakeUp App.app/MakeUp App";
			};
			name = Release;
		};
		D33B08451E93FB650046E986 /* Debug */ = {
			isa = XCBuildConfiguration;
			buildSettings = {
				ALWAYS_EMBED_SWIFT_STANDARD_LIBRARIES = YES;
				DEVELOPMENT_TEAM = 56S3PA4JK8;
				INFOPLIST_FILE = "MakeUp AppUITests/Info.plist";
				LD_RUNPATH_SEARCH_PATHS = "$(inherited) @executable_path/Frameworks @loader_path/Frameworks";
				PRODUCT_BUNDLE_IDENTIFIER = "rrahmey-aol.com.MakeUp-AppUITests";
				PRODUCT_NAME = "$(TARGET_NAME)";
				SWIFT_VERSION = 3.0;
				TEST_TARGET_NAME = "MakeUp App";
			};
			name = Debug;
		};
		D33B08461E93FB650046E986 /* Release */ = {
			isa = XCBuildConfiguration;
			buildSettings = {
				ALWAYS_EMBED_SWIFT_STANDARD_LIBRARIES = YES;
				DEVELOPMENT_TEAM = 56S3PA4JK8;
				INFOPLIST_FILE = "MakeUp AppUITests/Info.plist";
				LD_RUNPATH_SEARCH_PATHS = "$(inherited) @executable_path/Frameworks @loader_path/Frameworks";
				PRODUCT_BUNDLE_IDENTIFIER = "rrahmey-aol.com.MakeUp-AppUITests";
				PRODUCT_NAME = "$(TARGET_NAME)";
				SWIFT_VERSION = 3.0;
				TEST_TARGET_NAME = "MakeUp App";
			};
			name = Release;
		};
/* End XCBuildConfiguration section */

/* Begin XCConfigurationList section */
		D33B080E1E93FB650046E986 /* Build configuration list for PBXProject "MakeUp App" */ = {
			isa = XCConfigurationList;
			buildConfigurations = (
				D33B083C1E93FB650046E986 /* Debug */,
				D33B083D1E93FB650046E986 /* Release */,
			);
			defaultConfigurationIsVisible = 0;
			defaultConfigurationName = Release;
		};
		D33B083E1E93FB650046E986 /* Build configuration list for PBXNativeTarget "MakeUp App" */ = {
			isa = XCConfigurationList;
			buildConfigurations = (
				D33B083F1E93FB650046E986 /* Debug */,
				D33B08401E93FB650046E986 /* Release */,
			);
			defaultConfigurationIsVisible = 0;
			defaultConfigurationName = Release;
		};
		D33B08411E93FB650046E986 /* Build configuration list for PBXNativeTarget "MakeUp AppTests" */ = {
			isa = XCConfigurationList;
			buildConfigurations = (
				D33B08421E93FB650046E986 /* Debug */,
				D33B08431E93FB650046E986 /* Release */,
			);
			defaultConfigurationIsVisible = 0;
			defaultConfigurationName = Release;
		};
		D33B08441E93FB650046E986 /* Build configuration list for PBXNativeTarget "MakeUp AppUITests" */ = {
			isa = XCConfigurationList;
			buildConfigurations = (
				D33B08451E93FB650046E986 /* Debug */,
				D33B08461E93FB650046E986 /* Release */,
			);
			defaultConfigurationIsVisible = 0;
			defaultConfigurationName = Release;
		};
/* End XCConfigurationList section */
	};
	rootObject = D33B080B1E93FB650046E986 /* Project object */;
}
